
Microsoft Visual Studio Solution File, Format Version 11.00
# Visual Studio 2010
Project("{FAE04EC0-301F-11D3-BF4B-00C04F79EFBC}") = "Unity.Rider.Editor", "Unity.Rider.Editor.csproj", "{25ade108-912d-7485-4125-aac4e3673b6a}"
EndProject
Project("{FAE04EC0-301F-11D3-BF4B-00C04F79EFBC}") = "Unity.Multiplayer.Center.Editor", "Unity.Multiplayer.Center.Editor.csproj", "{4f504fd3-4ac3-4f7b-9709-862fe640ab62}"
EndProject
Project("{FAE04EC0-301F-11D3-BF4B-00C04F79EFBC}") = "Unity.Mobile.AndroidLogcat.Editor", "Unity.Mobile.AndroidLogcat.Editor.csproj", "{a7bc5e37-ff85-a288-ef06-522a32df9bef}"
EndProject
Project("{FAE04EC0-301F-11D3-BF4B-00C04F79EFBC}") = "Unity.Multiplayer.Center.Common", "Unity.Multiplayer.Center.Common.csproj", "{1bc7088f-33af-74fe-283e-4a6dbcf3bb2b}"
EndProject
Project("{FAE04EC0-301F-11D3-BF4B-00C04F79EFBC}") = "GoodVoice.VoiceChat", "GoodVoice.VoiceChat.csproj", "{3d6d4948-7714-0cbb-4127-5ee6dc42aba1}"
EndProject
Project("{FAE04EC0-301F-11D3-BF4B-00C04F79EFBC}") = "Unity.SysrootPackage.Editor", "Unity.SysrootPackage.Editor.csproj", "{5af15b28-b52f-56b8-5433-47aa13bb813a}"
EndProject
Project("{FAE04EC0-301F-11D3-BF4B-00C04F79EFBC}") = "GoodVoice.VoiceChat.Editor", "GoodVoice.VoiceChat.Editor.csproj", "{8c30c8ef-c5da-ef2d-e6f1-a378015c5692}"
EndProject
Project("{FAE04EC0-301F-11D3-BF4B-00C04F79EFBC}") = "Unity.Toolchain.Win-x86_64-Linux-x86_64", "Unity.Toolchain.Win-x86_64-Linux-x86_64.csproj", "{03e31808-abb6-6c3d-b1a6-648ddebd083f}"
EndProject
Project("{FAE04EC0-301F-11D3-BF4B-00C04F79EFBC}") = "Unity.Sysroot.Linux_x86_64", "Unity.Sysroot.Linux_x86_64.csproj", "{693cda2e-cd37-f5c3-7a38-d5c3a8d14a6e}"
EndProject
Project("{FAE04EC0-301F-11D3-BF4B-00C04F79EFBC}") = "Unity.Multiplayer.Center.Common", "Unity.Multiplayer.Center.Common.Player.csproj", "{fc4c6479-8f49-36d6-bd94-673a00c5aabc}"
EndProject
Project("{FAE04EC0-301F-11D3-BF4B-00C04F79EFBC}") = "GoodVoice.VoiceChat", "GoodVoice.VoiceChat.Player.csproj", "{4ac18ce9-f88c-136b-d8ab-8116fddcd0e5}"
EndProject
Project("{FAE04EC0-301F-11D3-BF4B-00C04F79EFBC}") = "Assembly-CSharp", "Assembly-CSharp.csproj", "{8441f412-22a4-275f-22e6-507969043f15}"
EndProject
Project("{FAE04EC0-301F-11D3-BF4B-00C04F79EFBC}") = "Unity.Mobile.AndroidLogcat.Performance.Editor.Tests", "Unity.Mobile.AndroidLogcat.Performance.Editor.Tests.csproj", "{1079602c-dd14-d412-9c30-13bdb7ebcaea}"
EndProject
Project("{FAE04EC0-301F-11D3-BF4B-00C04F79EFBC}") = "Unity.Multiplayer.Center.Tests", "Unity.Multiplayer.Center.Tests.csproj", "{675bdb0f-e309-4d27-10eb-8273350cb489}"
EndProject
Project("{FAE04EC0-301F-11D3-BF4B-00C04F79EFBC}") = "Unity.Mobile.AndroidLogcat.Shared.Editor.Tests", "Unity.Mobile.AndroidLogcat.Shared.Editor.Tests.csproj", "{0f47999b-eb84-d5d5-8c0c-c8933b3e9bd5}"
EndProject
Project("{FAE04EC0-301F-11D3-BF4B-00C04F79EFBC}") = "Unity.Multiplayer.Center.Editor.Tests", "Unity.Multiplayer.Center.Editor.Tests.csproj", "{e3d2dbab-0114-5e20-3056-85cbdfe09fed}"
EndProject
Project("{FAE04EC0-301F-11D3-BF4B-00C04F79EFBC}") = "Unity.Mobile.AndroidLogcat.Editor.Tests", "Unity.Mobile.AndroidLogcat.Editor.Tests.csproj", "{fb308505-d1d9-817a-bca4-1c8ba86f7b9b}"
EndProject
Project("{FAE04EC0-301F-11D3-BF4B-00C04F79EFBC}") = "Unity.Sysroot.Linux_x86_64.EditorTests", "Unity.Sysroot.Linux_x86_64.EditorTests.csproj", "{c1da0dde-bfcc-314a-2807-24848264bf18}"
EndProject
Project("{FAE04EC0-301F-11D3-BF4B-00C04F79EFBC}") = "Unity.Mobile.AndroidLogcat.Integration.Editor.Tests", "Unity.Mobile.AndroidLogcat.Integration.Editor.Tests.csproj", "{3f625623-0d1b-22fc-392c-cde53e5bda17}"
EndProject
Project("{FAE04EC0-301F-11D3-BF4B-00C04F79EFBC}") = "Unity.Sysroot.EditorTests", "Unity.Sysroot.EditorTests.csproj", "{0c2c6f9d-b841-ec17-034d-fc2164a65115}"
EndProject
Project("{FAE04EC0-301F-11D3-BF4B-00C04F79EFBC}") = "Unity.Toolchain.Win-x86_64-Linux-x86_64.EditorTests", "Unity.Toolchain.Win-x86_64-Linux-x86_64.EditorTests.csproj", "{0ac50d6d-aac6-06bc-80c2-e56df80e5563}"
EndProject
Project("{FAE04EC0-301F-11D3-BF4B-00C04F79EFBC}") = "Unity.Mobile.AndroidLogcat.Runtime.Tests", "Unity.Mobile.AndroidLogcat.Runtime.Tests.csproj", "{61af07c9-2787-e50d-40b3-337faa3d6e80}"
EndProject
Global
	GlobalSection(SolutionConfigurationPlatforms) = preSolution
		Debug|Any CPU = Debug|Any CPU
	EndGlobalSection
	GlobalSection(ProjectConfigurationPlatforms) = postSolution
		{25ade108-912d-7485-4125-aac4e3673b6a}.Debug|Any CPU.ActiveCfg = Debug|Any CPU
		{25ade108-912d-7485-4125-aac4e3673b6a}.Debug|Any CPU.Build.0 = Debug|Any CPU
		{4f504fd3-4ac3-4f7b-9709-862fe640ab62}.Debug|Any CPU.ActiveCfg = Debug|Any CPU
		{4f504fd3-4ac3-4f7b-9709-862fe640ab62}.Debug|Any CPU.Build.0 = Debug|Any CPU
		{a7bc5e37-ff85-a288-ef06-522a32df9bef}.Debug|Any CPU.ActiveCfg = Debug|Any CPU
		{a7bc5e37-ff85-a288-ef06-522a32df9bef}.Debug|Any CPU.Build.0 = Debug|Any CPU
		{1bc7088f-33af-74fe-283e-4a6dbcf3bb2b}.Debug|Any CPU.ActiveCfg = Debug|Any CPU
		{1bc7088f-33af-74fe-283e-4a6dbcf3bb2b}.Debug|Any CPU.Build.0 = Debug|Any CPU
		{3d6d4948-7714-0cbb-4127-5ee6dc42aba1}.Debug|Any CPU.ActiveCfg = Debug|Any CPU
		{3d6d4948-7714-0cbb-4127-5ee6dc42aba1}.Debug|Any CPU.Build.0 = Debug|Any CPU
		{5af15b28-b52f-56b8-5433-47aa13bb813a}.Debug|Any CPU.ActiveCfg = Debug|Any CPU
		{5af15b28-b52f-56b8-5433-47aa13bb813a}.Debug|Any CPU.Build.0 = Debug|Any CPU
		{8c30c8ef-c5da-ef2d-e6f1-a378015c5692}.Debug|Any CPU.ActiveCfg = Debug|Any CPU
		{8c30c8ef-c5da-ef2d-e6f1-a378015c5692}.Debug|Any CPU.Build.0 = Debug|Any CPU
		{03e31808-abb6-6c3d-b1a6-648ddebd083f}.Debug|Any CPU.ActiveCfg = Debug|Any CPU
		{03e31808-abb6-6c3d-b1a6-648ddebd083f}.Debug|Any CPU.Build.0 = Debug|Any CPU
		{693cda2e-cd37-f5c3-7a38-d5c3a8d14a6e}.Debug|Any CPU.ActiveCfg = Debug|Any CPU
		{693cda2e-cd37-f5c3-7a38-d5c3a8d14a6e}.Debug|Any CPU.Build.0 = Debug|Any CPU
		{fc4c6479-8f49-36d6-bd94-673a00c5aabc}.Debug|Any CPU.ActiveCfg = Debug|Any CPU
		{fc4c6479-8f49-36d6-bd94-673a00c5aabc}.Debug|Any CPU.Build.0 = Debug|Any CPU
		{4ac18ce9-f88c-136b-d8ab-8116fddcd0e5}.Debug|Any CPU.ActiveCfg = Debug|Any CPU
		{4ac18ce9-f88c-136b-d8ab-8116fddcd0e5}.Debug|Any CPU.Build.0 = Debug|Any CPU
		{8441f412-22a4-275f-22e6-507969043f15}.Debug|Any CPU.ActiveCfg = Debug|Any CPU
		{8441f412-22a4-275f-22e6-507969043f15}.Debug|Any CPU.Build.0 = Debug|Any CPU
		{1079602c-dd14-d412-9c30-13bdb7ebcaea}.Debug|Any CPU.ActiveCfg = Debug|Any CPU
		{1079602c-dd14-d412-9c30-13bdb7ebcaea}.Debug|Any CPU.Build.0 = Debug|Any CPU
		{675bdb0f-e309-4d27-10eb-8273350cb489}.Debug|Any CPU.ActiveCfg = Debug|Any CPU
		{675bdb0f-e309-4d27-10eb-8273350cb489}.Debug|Any CPU.Build.0 = Debug|Any CPU
		{0f47999b-eb84-d5d5-8c0c-c8933b3e9bd5}.Debug|Any CPU.ActiveCfg = Debug|Any CPU
		{0f47999b-eb84-d5d5-8c0c-c8933b3e9bd5}.Debug|Any CPU.Build.0 = Debug|Any CPU
		{e3d2dbab-0114-5e20-3056-85cbdfe09fed}.Debug|Any CPU.ActiveCfg = Debug|Any CPU
		{e3d2dbab-0114-5e20-3056-85cbdfe09fed}.Debug|Any CPU.Build.0 = Debug|Any CPU
		{fb308505-d1d9-817a-bca4-1c8ba86f7b9b}.Debug|Any CPU.ActiveCfg = Debug|Any CPU
		{fb308505-d1d9-817a-bca4-1c8ba86f7b9b}.Debug|Any CPU.Build.0 = Debug|Any CPU
		{c1da0dde-bfcc-314a-2807-24848264bf18}.Debug|Any CPU.ActiveCfg = Debug|Any CPU
		{c1da0dde-bfcc-314a-2807-24848264bf18}.Debug|Any CPU.Build.0 = Debug|Any CPU
		{3f625623-0d1b-22fc-392c-cde53e5bda17}.Debug|Any CPU.ActiveCfg = Debug|Any CPU
		{3f625623-0d1b-22fc-392c-cde53e5bda17}.Debug|Any CPU.Build.0 = Debug|Any CPU
		{0c2c6f9d-b841-ec17-034d-fc2164a65115}.Debug|Any CPU.ActiveCfg = Debug|Any CPU
		{0c2c6f9d-b841-ec17-034d-fc2164a65115}.Debug|Any CPU.Build.0 = Debug|Any CPU
		{0ac50d6d-aac6-06bc-80c2-e56df80e5563}.Debug|Any CPU.ActiveCfg = Debug|Any CPU
		{0ac50d6d-aac6-06bc-80c2-e56df80e5563}.Debug|Any CPU.Build.0 = Debug|Any CPU
		{61af07c9-2787-e50d-40b3-337faa3d6e80}.Debug|Any CPU.ActiveCfg = Debug|Any CPU
		{61af07c9-2787-e50d-40b3-337faa3d6e80}.Debug|Any CPU.Build.0 = Debug|Any CPU
	EndGlobalSection
	GlobalSection(SolutionProperties) = preSolution
		HideSolutionNode = FALSE
	EndGlobalSection
EndGlobal
